// !$*UTF8*$!
{
	archiveVersion = 1;
	classes = {
	};
	objectVersion = 56;
	objects = {

/* Begin PBXBuildFile section */
		1F2A68E92B962C370083698E /* StartScreenWorker.swift in Sources */ = {isa = PBXBuildFile; fileRef = 1F2A68E82B962C370083698E /* StartScreenWorker.swift */; };
		1F2A68ED2B962DD40083698E /* LoginInteractor.swift in Sources */ = {isa = PBXBuildFile; fileRef = 1F2A68EC2B962DD40083698E /* LoginInteractor.swift */; };
		1F2A68EF2B962EB70083698E /* LoginPresenter.swift in Sources */ = {isa = PBXBuildFile; fileRef = 1F2A68EE2B962EB70083698E /* LoginPresenter.swift */; };
		1F2A68F12B9630170083698E /* LoginRouter.swift in Sources */ = {isa = PBXBuildFile; fileRef = 1F2A68F02B9630170083698E /* LoginRouter.swift */; };
		1F2A68F32B9635490083698E /* LoginViewController.swift in Sources */ = {isa = PBXBuildFile; fileRef = 1F2A68F22B9635490083698E /* LoginViewController.swift */; };
		1F9618382B8CA64100C32A9A /* AppDelegate.swift in Sources */ = {isa = PBXBuildFile; fileRef = 1F9618372B8CA64100C32A9A /* AppDelegate.swift */; };
		1F96183A2B8CA64100C32A9A /* SceneDelegate.swift in Sources */ = {isa = PBXBuildFile; fileRef = 1F9618392B8CA64100C32A9A /* SceneDelegate.swift */; };
		1F96183C2B8CA64100C32A9A /* OLDStartScreenViewController.swift in Sources */ = {isa = PBXBuildFile; fileRef = 1F96183B2B8CA64100C32A9A /* OLDStartScreenViewController.swift */; };
		1F9618412B8CA64400C32A9A /* Assets.xcassets in Resources */ = {isa = PBXBuildFile; fileRef = 1F9618402B8CA64400C32A9A /* Assets.xcassets */; };
		1F9618442B8CA64400C32A9A /* LaunchScreen.storyboard in Resources */ = {isa = PBXBuildFile; fileRef = 1F9618422B8CA64400C32A9A /* LaunchScreen.storyboard */; };
		1F96184C2B8F708B00C32A9A /* OLDLoginViewController.swift in Sources */ = {isa = PBXBuildFile; fileRef = 1F96184B2B8F708B00C32A9A /* OLDLoginViewController.swift */; };
		1F96184E2B8F72B100C32A9A /* RegisterViewController.swift in Sources */ = {isa = PBXBuildFile; fileRef = 1F96184D2B8F72B100C32A9A /* RegisterViewController.swift */; };
		1F9618512B8F776000C32A9A /* SnapKit in Frameworks */ = {isa = PBXBuildFile; productRef = 1F9618502B8F776000C32A9A /* SnapKit */; };
		1F9618532B8F776000C32A9A /* SnapKit-Dynamic in Frameworks */ = {isa = PBXBuildFile; productRef = 1F9618522B8F776000C32A9A /* SnapKit-Dynamic */; };
		1F9618562B8F899B00C32A9A /* ValidatableTextField.swift in Sources */ = {isa = PBXBuildFile; fileRef = 1F9618552B8F899B00C32A9A /* ValidatableTextField.swift */; };
		1F9618582B8F89D000C32A9A /* InsetedTextField.swift in Sources */ = {isa = PBXBuildFile; fileRef = 1F9618572B8F89D000C32A9A /* InsetedTextField.swift */; };
		1F96185A2B8F89EC00C32A9A /* EnterTextField.swift in Sources */ = {isa = PBXBuildFile; fileRef = 1F9618592B8F89EC00C32A9A /* EnterTextField.swift */; };
		1F96185C2B8F933300C32A9A /* FirstPasswordRecoveryViewController.swift in Sources */ = {isa = PBXBuildFile; fileRef = 1F96185B2B8F933300C32A9A /* FirstPasswordRecoveryViewController.swift */; };
		1F96185E2B8FA31D00C32A9A /* MainScreenViewController.swift in Sources */ = {isa = PBXBuildFile; fileRef = 1F96185D2B8FA31D00C32A9A /* MainScreenViewController.swift */; };
		1F9618602B8FDDFD00C32A9A /* SeondPasswordRecoveryViewController.swift in Sources */ = {isa = PBXBuildFile; fileRef = 1F96185F2B8FDDFD00C32A9A /* SeondPasswordRecoveryViewController.swift */; };
		1FA0614C2B965B5200BB7E7C /* LoginWorker.swift in Sources */ = {isa = PBXBuildFile; fileRef = 1FA0614B2B965B5200BB7E7C /* LoginWorker.swift */; };
		1FC5A2112B95B8D40029DC1B /* StartScreenAssembly.swift in Sources */ = {isa = PBXBuildFile; fileRef = 1FC5A2102B95B8D40029DC1B /* StartScreenAssembly.swift */; };
		1FC5A2132B95B9870029DC1B /* StartScreenPresenter.swift in Sources */ = {isa = PBXBuildFile; fileRef = 1FC5A2122B95B9870029DC1B /* StartScreenPresenter.swift */; };
		1FC5A2152B95BAF60029DC1B /* StartScreenProtocols.swift in Sources */ = {isa = PBXBuildFile; fileRef = 1FC5A2142B95BAF60029DC1B /* StartScreenProtocols.swift */; };
		1FC5A2172B95BD580029DC1B /* StartScreenModels.swift in Sources */ = {isa = PBXBuildFile; fileRef = 1FC5A2162B95BD580029DC1B /* StartScreenModels.swift */; };
		1FC5A2192B95C8550029DC1B /* StartSceneInteractor.swift in Sources */ = {isa = PBXBuildFile; fileRef = 1FC5A2182B95C8550029DC1B /* StartSceneInteractor.swift */; };
		1FC5A21B2B95C93F0029DC1B /* StartScreenRouter.swift in Sources */ = {isa = PBXBuildFile; fileRef = 1FC5A21A2B95C93F0029DC1B /* StartScreenRouter.swift */; };
		1FC5A21E2B95CF7F0029DC1B /* LoginAssembly.swift in Sources */ = {isa = PBXBuildFile; fileRef = 1FC5A21D2B95CF7F0029DC1B /* LoginAssembly.swift */; };
		1FC5A2202B95CFEF0029DC1B /* LoginProtocols.swift in Sources */ = {isa = PBXBuildFile; fileRef = 1FC5A21F2B95CFEF0029DC1B /* LoginProtocols.swift */; };
		1FC5A2222B95D5B10029DC1B /* LoginModels.swift in Sources */ = {isa = PBXBuildFile; fileRef = 1FC5A2212B95D5B10029DC1B /* LoginModels.swift */; };
		1FC5A2262B95E1540029DC1B /* StartScreenViewController.swift in Sources */ = {isa = PBXBuildFile; fileRef = 1FC5A2252B95E1540029DC1B /* StartScreenViewController.swift */; };
		1FE663072B91DF170014AD58 /* AppColors.swift in Sources */ = {isa = PBXBuildFile; fileRef = 1FE663062B91DF170014AD58 /* AppColors.swift */; };
		1FE663092B91E6F60014AD58 /* AppTypography.swift in Sources */ = {isa = PBXBuildFile; fileRef = 1FE663082B91E6F60014AD58 /* AppTypography.swift */; };
/* End PBXBuildFile section */

/* Begin PBXFileReference section */
		1F2A68E82B962C370083698E /* StartScreenWorker.swift */ = {isa = PBXFileReference; lastKnownFileType = sourcecode.swift; path = StartScreenWorker.swift; sourceTree = "<group>"; };
		1F2A68EC2B962DD40083698E /* LoginInteractor.swift */ = {isa = PBXFileReference; lastKnownFileType = sourcecode.swift; path = LoginInteractor.swift; sourceTree = "<group>"; };
		1F2A68EE2B962EB70083698E /* LoginPresenter.swift */ = {isa = PBXFileReference; lastKnownFileType = sourcecode.swift; path = LoginPresenter.swift; sourceTree = "<group>"; };
		1F2A68F02B9630170083698E /* LoginRouter.swift */ = {isa = PBXFileReference; lastKnownFileType = sourcecode.swift; path = LoginRouter.swift; sourceTree = "<group>"; };
		1F2A68F22B9635490083698E /* LoginViewController.swift */ = {isa = PBXFileReference; lastKnownFileType = sourcecode.swift; path = LoginViewController.swift; sourceTree = "<group>"; };
		1F9618342B8CA64100C32A9A /* asfRazvitie.app */ = {isa = PBXFileReference; explicitFileType = wrapper.application; includeInIndex = 0; path = asfRazvitie.app; sourceTree = BUILT_PRODUCTS_DIR; };
		1F9618372B8CA64100C32A9A /* AppDelegate.swift */ = {isa = PBXFileReference; lastKnownFileType = sourcecode.swift; path = AppDelegate.swift; sourceTree = "<group>"; };
		1F9618392B8CA64100C32A9A /* SceneDelegate.swift */ = {isa = PBXFileReference; lastKnownFileType = sourcecode.swift; path = SceneDelegate.swift; sourceTree = "<group>"; };
		1F96183B2B8CA64100C32A9A /* OLDStartScreenViewController.swift */ = {isa = PBXFileReference; lastKnownFileType = sourcecode.swift; path = OLDStartScreenViewController.swift; sourceTree = "<group>"; };
		1F9618402B8CA64400C32A9A /* Assets.xcassets */ = {isa = PBXFileReference; lastKnownFileType = folder.assetcatalog; path = Assets.xcassets; sourceTree = "<group>"; };
		1F9618432B8CA64400C32A9A /* Base */ = {isa = PBXFileReference; lastKnownFileType = file.storyboard; name = Base; path = Base.lproj/LaunchScreen.storyboard; sourceTree = "<group>"; };
		1F9618452B8CA64400C32A9A /* Info.plist */ = {isa = PBXFileReference; lastKnownFileType = text.plist.xml; path = Info.plist; sourceTree = "<group>"; };
		1F96184B2B8F708B00C32A9A /* OLDLoginViewController.swift */ = {isa = PBXFileReference; lastKnownFileType = sourcecode.swift; path = OLDLoginViewController.swift; sourceTree = "<group>"; };
		1F96184D2B8F72B100C32A9A /* RegisterViewController.swift */ = {isa = PBXFileReference; lastKnownFileType = sourcecode.swift; path = RegisterViewController.swift; sourceTree = "<group>"; };
		1F9618552B8F899B00C32A9A /* ValidatableTextField.swift */ = {isa = PBXFileReference; lastKnownFileType = sourcecode.swift; path = ValidatableTextField.swift; sourceTree = "<group>"; };
		1F9618572B8F89D000C32A9A /* InsetedTextField.swift */ = {isa = PBXFileReference; lastKnownFileType = sourcecode.swift; path = InsetedTextField.swift; sourceTree = "<group>"; };
		1F9618592B8F89EC00C32A9A /* EnterTextField.swift */ = {isa = PBXFileReference; lastKnownFileType = sourcecode.swift; path = EnterTextField.swift; sourceTree = "<group>"; };
		1F96185B2B8F933300C32A9A /* FirstPasswordRecoveryViewController.swift */ = {isa = PBXFileReference; lastKnownFileType = sourcecode.swift; path = FirstPasswordRecoveryViewController.swift; sourceTree = "<group>"; };
		1F96185D2B8FA31D00C32A9A /* MainScreenViewController.swift */ = {isa = PBXFileReference; lastKnownFileType = sourcecode.swift; path = MainScreenViewController.swift; sourceTree = "<group>"; };
		1F96185F2B8FDDFD00C32A9A /* SeondPasswordRecoveryViewController.swift */ = {isa = PBXFileReference; lastKnownFileType = sourcecode.swift; path = SeondPasswordRecoveryViewController.swift; sourceTree = "<group>"; };
		1FA0614B2B965B5200BB7E7C /* LoginWorker.swift */ = {isa = PBXFileReference; lastKnownFileType = sourcecode.swift; path = LoginWorker.swift; sourceTree = "<group>"; };
		1FC5A2102B95B8D40029DC1B /* StartScreenAssembly.swift */ = {isa = PBXFileReference; lastKnownFileType = sourcecode.swift; path = StartScreenAssembly.swift; sourceTree = "<group>"; };
		1FC5A2122B95B9870029DC1B /* StartScreenPresenter.swift */ = {isa = PBXFileReference; lastKnownFileType = sourcecode.swift; path = StartScreenPresenter.swift; sourceTree = "<group>"; };
		1FC5A2142B95BAF60029DC1B /* StartScreenProtocols.swift */ = {isa = PBXFileReference; lastKnownFileType = sourcecode.swift; path = StartScreenProtocols.swift; sourceTree = "<group>"; };
		1FC5A2162B95BD580029DC1B /* StartScreenModels.swift */ = {isa = PBXFileReference; lastKnownFileType = sourcecode.swift; path = StartScreenModels.swift; sourceTree = "<group>"; };
		1FC5A2182B95C8550029DC1B /* StartSceneInteractor.swift */ = {isa = PBXFileReference; lastKnownFileType = sourcecode.swift; path = StartSceneInteractor.swift; sourceTree = "<group>"; };
		1FC5A21A2B95C93F0029DC1B /* StartScreenRouter.swift */ = {isa = PBXFileReference; lastKnownFileType = sourcecode.swift; name = StartScreenRouter.swift; path = ../../../exex/StartScreenRouter.swift; sourceTree = "<group>"; };
		1FC5A21D2B95CF7F0029DC1B /* LoginAssembly.swift */ = {isa = PBXFileReference; lastKnownFileType = sourcecode.swift; path = LoginAssembly.swift; sourceTree = "<group>"; };
		1FC5A21F2B95CFEF0029DC1B /* LoginProtocols.swift */ = {isa = PBXFileReference; lastKnownFileType = sourcecode.swift; path = LoginProtocols.swift; sourceTree = "<group>"; };
		1FC5A2212B95D5B10029DC1B /* LoginModels.swift */ = {isa = PBXFileReference; lastKnownFileType = sourcecode.swift; path = LoginModels.swift; sourceTree = "<group>"; };
		1FC5A2252B95E1540029DC1B /* StartScreenViewController.swift */ = {isa = PBXFileReference; lastKnownFileType = sourcecode.swift; path = StartScreenViewController.swift; sourceTree = "<group>"; };
		1FE663062B91DF170014AD58 /* AppColors.swift */ = {isa = PBXFileReference; lastKnownFileType = sourcecode.swift; path = AppColors.swift; sourceTree = "<group>"; };
		1FE663082B91E6F60014AD58 /* AppTypography.swift */ = {isa = PBXFileReference; lastKnownFileType = sourcecode.swift; path = AppTypography.swift; sourceTree = "<group>"; };
/* End PBXFileReference section */

/* Begin PBXFrameworksBuildPhase section */
		1F9618312B8CA64100C32A9A /* Frameworks */ = {
			isa = PBXFrameworksBuildPhase;
			buildActionMask = 2147483647;
			files = (
				1F9618512B8F776000C32A9A /* SnapKit in Frameworks */,
				1F9618532B8F776000C32A9A /* SnapKit-Dynamic in Frameworks */,
			);
			runOnlyForDeploymentPostprocessing = 0;
		};
/* End PBXFrameworksBuildPhase section */

/* Begin PBXGroup section */
		1F96182B2B8CA64100C32A9A = {
			isa = PBXGroup;
			children = (
				1F9618362B8CA64100C32A9A /* asfRazvitie */,
				1F9618352B8CA64100C32A9A /* Products */,
			);
			sourceTree = "<group>";
		};
		1F9618352B8CA64100C32A9A /* Products */ = {
			isa = PBXGroup;
			children = (
				1F9618342B8CA64100C32A9A /* asfRazvitie.app */,
			);
			name = Products;
			sourceTree = "<group>";
		};
		1F9618362B8CA64100C32A9A /* asfRazvitie */ = {
			isa = PBXGroup;
			children = (
				1FC5A21C2B95CF600029DC1B /* LoginScene */,
				1FC5A20F2B95B7D90029DC1B /* StartScreenScene */,
				1F9618372B8CA64100C32A9A /* AppDelegate.swift */,
				1F9618392B8CA64100C32A9A /* SceneDelegate.swift */,
				1FC8B11F2B94996500B7A686 /* oldFiles */,
				1FE6630A2B91EE310014AD58 /* DesignFiles */,
				1F9618542B8F895700C32A9A /* UIElements */,
				1F9618402B8CA64400C32A9A /* Assets.xcassets */,
				1F9618422B8CA64400C32A9A /* LaunchScreen.storyboard */,
				1F9618452B8CA64400C32A9A /* Info.plist */,
			);
			path = asfRazvitie;
			sourceTree = "<group>";
		};
		1F9618542B8F895700C32A9A /* UIElements */ = {
			isa = PBXGroup;
			children = (
				1F9618552B8F899B00C32A9A /* ValidatableTextField.swift */,
				1F9618572B8F89D000C32A9A /* InsetedTextField.swift */,
				1F9618592B8F89EC00C32A9A /* EnterTextField.swift */,
			);
			path = UIElements;
			sourceTree = "<group>";
		};
		1FC5A20F2B95B7D90029DC1B /* StartScreenScene */ = {
			isa = PBXGroup;
			children = (
				1FC5A2102B95B8D40029DC1B /* StartScreenAssembly.swift */,
				1FC5A2182B95C8550029DC1B /* StartSceneInteractor.swift */,
				1FC5A2162B95BD580029DC1B /* StartScreenModels.swift */,
				1FC5A2122B95B9870029DC1B /* StartScreenPresenter.swift */,
				1FC5A2142B95BAF60029DC1B /* StartScreenProtocols.swift */,
				1FC5A21A2B95C93F0029DC1B /* StartScreenRouter.swift */,
				1FC5A2252B95E1540029DC1B /* StartScreenViewController.swift */,
				1F2A68E82B962C370083698E /* StartScreenWorker.swift */,
			);
			path = StartScreenScene;
			sourceTree = "<group>";
		};
		1FC5A21C2B95CF600029DC1B /* LoginScene */ = {
			isa = PBXGroup;
			children = (
				1FC5A21D2B95CF7F0029DC1B /* LoginAssembly.swift */,
				1FC5A2212B95D5B10029DC1B /* LoginModels.swift */,
				1F2A68EC2B962DD40083698E /* LoginInteractor.swift */,
				1F2A68EE2B962EB70083698E /* LoginPresenter.swift */,
				1FC5A21F2B95CFEF0029DC1B /* LoginProtocols.swift */,
				1F2A68F02B9630170083698E /* LoginRouter.swift */,
				1F2A68F22B9635490083698E /* LoginViewController.swift */,
				1FA0614B2B965B5200BB7E7C /* LoginWorker.swift */,
			);
			path = LoginScene;
			sourceTree = "<group>";
		};
		1FC8B11F2B94996500B7A686 /* oldFiles */ = {
			isa = PBXGroup;
			children = (
				1F96183B2B8CA64100C32A9A /* OLDStartScreenViewController.swift */,
				1F96184B2B8F708B00C32A9A /* OLDLoginViewController.swift */,
				1F96185B2B8F933300C32A9A /* FirstPasswordRecoveryViewController.swift */,
				1F96185F2B8FDDFD00C32A9A /* SeondPasswordRecoveryViewController.swift */,
				1F96184D2B8F72B100C32A9A /* RegisterViewController.swift */,
				1F96185D2B8FA31D00C32A9A /* MainScreenViewController.swift */,
			);
			path = oldFiles;
			sourceTree = "<group>";
		};
		1FE6630A2B91EE310014AD58 /* DesignFiles */ = {
			isa = PBXGroup;
			children = (
				1FE663062B91DF170014AD58 /* AppColors.swift */,
				1FE663082B91E6F60014AD58 /* AppTypography.swift */,
			);
			path = DesignFiles;
			sourceTree = "<group>";
		};
/* End PBXGroup section */

/* Begin PBXNativeTarget section */
		1F9618332B8CA64100C32A9A /* asfRazvitie */ = {
			isa = PBXNativeTarget;
			buildConfigurationList = 1F9618482B8CA64400C32A9A /* Build configuration list for PBXNativeTarget "asfRazvitie" */;
			buildPhases = (
				1F9618302B8CA64100C32A9A /* Sources */,
				1F9618312B8CA64100C32A9A /* Frameworks */,
				1F9618322B8CA64100C32A9A /* Resources */,
			);
			buildRules = (
			);
			dependencies = (
			);
			name = asfRazvitie;
			packageProductDependencies = (
				1F9618502B8F776000C32A9A /* SnapKit */,
				1F9618522B8F776000C32A9A /* SnapKit-Dynamic */,
			);
			productName = asfRazvitie;
			productReference = 1F9618342B8CA64100C32A9A /* asfRazvitie.app */;
			productType = "com.apple.product-type.application";
		};
/* End PBXNativeTarget section */

/* Begin PBXProject section */
		1F96182C2B8CA64100C32A9A /* Project object */ = {
			isa = PBXProject;
			attributes = {
				BuildIndependentTargetsInParallel = 1;
				LastSwiftUpdateCheck = 1520;
				LastUpgradeCheck = 1520;
				TargetAttributes = {
					1F9618332B8CA64100C32A9A = {
						CreatedOnToolsVersion = 15.2;
					};
				};
			};
			buildConfigurationList = 1F96182F2B8CA64100C32A9A /* Build configuration list for PBXProject "asfRazvitie" */;
			compatibilityVersion = "Xcode 14.0";
			developmentRegion = en;
			hasScannedForEncodings = 0;
			knownRegions = (
				en,
				Base,
			);
			mainGroup = 1F96182B2B8CA64100C32A9A;
			packageReferences = (
				1F96184F2B8F776000C32A9A /* XCRemoteSwiftPackageReference "SnapKit" */,
			);
			productRefGroup = 1F9618352B8CA64100C32A9A /* Products */;
			projectDirPath = "";
			projectRoot = "";
			targets = (
				1F9618332B8CA64100C32A9A /* asfRazvitie */,
			);
		};
/* End PBXProject section */

/* Begin PBXResourcesBuildPhase section */
		1F9618322B8CA64100C32A9A /* Resources */ = {
			isa = PBXResourcesBuildPhase;
			buildActionMask = 2147483647;
			files = (
				1F9618442B8CA64400C32A9A /* LaunchScreen.storyboard in Resources */,
				1F9618412B8CA64400C32A9A /* Assets.xcassets in Resources */,
			);
			runOnlyForDeploymentPostprocessing = 0;
		};
/* End PBXResourcesBuildPhase section */

/* Begin PBXSourcesBuildPhase section */
		1F9618302B8CA64100C32A9A /* Sources */ = {
			isa = PBXSourcesBuildPhase;
			buildActionMask = 2147483647;
			files = (
				1F2A68F32B9635490083698E /* LoginViewController.swift in Sources */,
				1F96184C2B8F708B00C32A9A /* OLDLoginViewController.swift in Sources */,
				1F96184E2B8F72B100C32A9A /* RegisterViewController.swift in Sources */,
				1F96185C2B8F933300C32A9A /* FirstPasswordRecoveryViewController.swift in Sources */,
				1F2A68ED2B962DD40083698E /* LoginInteractor.swift in Sources */,
				1F96183C2B8CA64100C32A9A /* OLDStartScreenViewController.swift in Sources */,
				1FC5A2262B95E1540029DC1B /* StartScreenViewController.swift in Sources */,
				1FA0614C2B965B5200BB7E7C /* LoginWorker.swift in Sources */,
				1FC5A21B2B95C93F0029DC1B /* StartScreenRouter.swift in Sources */,
				1FC5A2192B95C8550029DC1B /* StartSceneInteractor.swift in Sources */,
				1F2A68EF2B962EB70083698E /* LoginPresenter.swift in Sources */,
				1F9618562B8F899B00C32A9A /* ValidatableTextField.swift in Sources */,
				1FC5A2222B95D5B10029DC1B /* LoginModels.swift in Sources */,
				1F9618602B8FDDFD00C32A9A /* SeondPasswordRecoveryViewController.swift in Sources */,
				1F2A68E92B962C370083698E /* StartScreenWorker.swift in Sources */,
				1FC5A2112B95B8D40029DC1B /* StartScreenAssembly.swift in Sources */,
				1F2A68F12B9630170083698E /* LoginRouter.swift in Sources */,
				1FC5A2132B95B9870029DC1B /* StartScreenPresenter.swift in Sources */,
				1FC5A2152B95BAF60029DC1B /* StartScreenProtocols.swift in Sources */,
				1FC5A21E2B95CF7F0029DC1B /* LoginAssembly.swift in Sources */,
				1F96185E2B8FA31D00C32A9A /* MainScreenViewController.swift in Sources */,
				1F9618382B8CA64100C32A9A /* AppDelegate.swift in Sources */,
				1F96183A2B8CA64100C32A9A /* SceneDelegate.swift in Sources */,
				1FC5A2202B95CFEF0029DC1B /* LoginProtocols.swift in Sources */,
				1FE663072B91DF170014AD58 /* AppColors.swift in Sources */,
				1FE663092B91E6F60014AD58 /* AppTypography.swift in Sources */,
				1FC5A2172B95BD580029DC1B /* StartScreenModels.swift in Sources */,
				1F96185A2B8F89EC00C32A9A /* EnterTextField.swift in Sources */,
				1F9618582B8F89D000C32A9A /* InsetedTextField.swift in Sources */,
			);
			runOnlyForDeploymentPostprocessing = 0;
		};
/* End PBXSourcesBuildPhase section */

/* Begin PBXVariantGroup section */
		1F9618422B8CA64400C32A9A /* LaunchScreen.storyboard */ = {
			isa = PBXVariantGroup;
			children = (
				1F9618432B8CA64400C32A9A /* Base */,
			);
			name = LaunchScreen.storyboard;
			sourceTree = "<group>";
		};
/* End PBXVariantGroup section */

/* Begin XCBuildConfiguration section */
		1F9618462B8CA64400C32A9A /* Debug */ = {
			isa = XCBuildConfiguration;
			buildSettings = {
				ALWAYS_SEARCH_USER_PATHS = NO;
				ASSETCATALOG_COMPILER_GENERATE_SWIFT_ASSET_SYMBOL_EXTENSIONS = YES;
				CLANG_ANALYZER_NONNULL = YES;
				CLANG_ANALYZER_NUMBER_OBJECT_CONVERSION = YES_AGGRESSIVE;
				CLANG_CXX_LANGUAGE_STANDARD = "gnu++20";
				CLANG_ENABLE_MODULES = YES;
				CLANG_ENABLE_OBJC_ARC = YES;
				CLANG_ENABLE_OBJC_WEAK = YES;
				CLANG_WARN_BLOCK_CAPTURE_AUTORELEASING = YES;
				CLANG_WARN_BOOL_CONVERSION = YES;
				CLANG_WARN_COMMA = YES;
				CLANG_WARN_CONSTANT_CONVERSION = YES;
				CLANG_WARN_DEPRECATED_OBJC_IMPLEMENTATIONS = YES;
				CLANG_WARN_DIRECT_OBJC_ISA_USAGE = YES_ERROR;
				CLANG_WARN_DOCUMENTATION_COMMENTS = YES;
				CLANG_WARN_EMPTY_BODY = YES;
				CLANG_WARN_ENUM_CONVERSION = YES;
				CLANG_WARN_INFINITE_RECURSION = YES;
				CLANG_WARN_INT_CONVERSION = YES;
				CLANG_WARN_NON_LITERAL_NULL_CONVERSION = YES;
				CLANG_WARN_OBJC_IMPLICIT_RETAIN_SELF = YES;
				CLANG_WARN_OBJC_LITERAL_CONVERSION = YES;
				CLANG_WARN_OBJC_ROOT_CLASS = YES_ERROR;
				CLANG_WARN_QUOTED_INCLUDE_IN_FRAMEWORK_HEADER = YES;
				CLANG_WARN_RANGE_LOOP_ANALYSIS = YES;
				CLANG_WARN_STRICT_PROTOTYPES = YES;
				CLANG_WARN_SUSPICIOUS_MOVE = YES;
				CLANG_WARN_UNGUARDED_AVAILABILITY = YES_AGGRESSIVE;
				CLANG_WARN_UNREACHABLE_CODE = YES;
				CLANG_WARN__DUPLICATE_METHOD_MATCH = YES;
				COPY_PHASE_STRIP = NO;
				DEBUG_INFORMATION_FORMAT = dwarf;
				ENABLE_STRICT_OBJC_MSGSEND = YES;
				ENABLE_TESTABILITY = YES;
				ENABLE_USER_SCRIPT_SANDBOXING = YES;
				GCC_C_LANGUAGE_STANDARD = gnu17;
				GCC_DYNAMIC_NO_PIC = NO;
				GCC_NO_COMMON_BLOCKS = YES;
				GCC_OPTIMIZATION_LEVEL = 0;
				GCC_PREPROCESSOR_DEFINITIONS = (
					"DEBUG=1",
					"$(inherited)",
				);
				GCC_WARN_64_TO_32_BIT_CONVERSION = YES;
				GCC_WARN_ABOUT_RETURN_TYPE = YES_ERROR;
				GCC_WARN_UNDECLARED_SELECTOR = YES;
				GCC_WARN_UNINITIALIZED_AUTOS = YES_AGGRESSIVE;
				GCC_WARN_UNUSED_FUNCTION = YES;
				GCC_WARN_UNUSED_VARIABLE = YES;
				IPHONEOS_DEPLOYMENT_TARGET = 17.2;
				LOCALIZATION_PREFERS_STRING_CATALOGS = YES;
				MTL_ENABLE_DEBUG_INFO = INCLUDE_SOURCE;
				MTL_FAST_MATH = YES;
				ONLY_ACTIVE_ARCH = YES;
				SDKROOT = iphoneos;
				SWIFT_ACTIVE_COMPILATION_CONDITIONS = "DEBUG $(inherited)";
				SWIFT_OPTIMIZATION_LEVEL = "-Onone";
			};
			name = Debug;
		};
		1F9618472B8CA64400C32A9A /* Release */ = {
			isa = XCBuildConfiguration;
			buildSettings = {
				ALWAYS_SEARCH_USER_PATHS = NO;
				ASSETCATALOG_COMPILER_GENERATE_SWIFT_ASSET_SYMBOL_EXTENSIONS = YES;
				CLANG_ANALYZER_NONNULL = YES;
				CLANG_ANALYZER_NUMBER_OBJECT_CONVERSION = YES_AGGRESSIVE;
				CLANG_CXX_LANGUAGE_STANDARD = "gnu++20";
				CLANG_ENABLE_MODULES = YES;
				CLANG_ENABLE_OBJC_ARC = YES;
				CLANG_ENABLE_OBJC_WEAK = YES;
				CLANG_WARN_BLOCK_CAPTURE_AUTORELEASING = YES;
				CLANG_WARN_BOOL_CONVERSION = YES;
				CLANG_WARN_COMMA = YES;
				CLANG_WARN_CONSTANT_CONVERSION = YES;
				CLANG_WARN_DEPRECATED_OBJC_IMPLEMENTATIONS = YES;
				CLANG_WARN_DIRECT_OBJC_ISA_USAGE = YES_ERROR;
				CLANG_WARN_DOCUMENTATION_COMMENTS = YES;
				CLANG_WARN_EMPTY_BODY = YES;
				CLANG_WARN_ENUM_CONVERSION = YES;
				CLANG_WARN_INFINITE_RECURSION = YES;
				CLANG_WARN_INT_CONVERSION = YES;
				CLANG_WARN_NON_LITERAL_NULL_CONVERSION = YES;
				CLANG_WARN_OBJC_IMPLICIT_RETAIN_SELF = YES;
				CLANG_WARN_OBJC_LITERAL_CONVERSION = YES;
				CLANG_WARN_OBJC_ROOT_CLASS = YES_ERROR;
				CLANG_WARN_QUOTED_INCLUDE_IN_FRAMEWORK_HEADER = YES;
				CLANG_WARN_RANGE_LOOP_ANALYSIS = YES;
				CLANG_WARN_STRICT_PROTOTYPES = YES;
				CLANG_WARN_SUSPICIOUS_MOVE = YES;
				CLANG_WARN_UNGUARDED_AVAILABILITY = YES_AGGRESSIVE;
				CLANG_WARN_UNREACHABLE_CODE = YES;
				CLANG_WARN__DUPLICATE_METHOD_MATCH = YES;
				COPY_PHASE_STRIP = NO;
				DEBUG_INFORMATION_FORMAT = "dwarf-with-dsym";
				ENABLE_NS_ASSERTIONS = NO;
				ENABLE_STRICT_OBJC_MSGSEND = YES;
				ENABLE_USER_SCRIPT_SANDBOXING = YES;
				GCC_C_LANGUAGE_STANDARD = gnu17;
				GCC_NO_COMMON_BLOCKS = YES;
				GCC_WARN_64_TO_32_BIT_CONVERSION = YES;
				GCC_WARN_ABOUT_RETURN_TYPE = YES_ERROR;
				GCC_WARN_UNDECLARED_SELECTOR = YES;
				GCC_WARN_UNINITIALIZED_AUTOS = YES_AGGRESSIVE;
				GCC_WARN_UNUSED_FUNCTION = YES;
				GCC_WARN_UNUSED_VARIABLE = YES;
				IPHONEOS_DEPLOYMENT_TARGET = 17.2;
				LOCALIZATION_PREFERS_STRING_CATALOGS = YES;
				MTL_ENABLE_DEBUG_INFO = NO;
				MTL_FAST_MATH = YES;
				SDKROOT = iphoneos;
				SWIFT_COMPILATION_MODE = wholemodule;
				VALIDATE_PRODUCT = YES;
			};
			name = Release;
		};
		1F9618492B8CA64400C32A9A /* Debug */ = {
			isa = XCBuildConfiguration;
			buildSettings = {
				ASSETCATALOG_COMPILER_APPICON_NAME = AppIcon;
				ASSETCATALOG_COMPILER_GLOBAL_ACCENT_COLOR_NAME = AccentColor;
				CODE_SIGN_STYLE = Automatic;
				CURRENT_PROJECT_VERSION = 1;
				DEVELOPMENT_TEAM = 5GK93RHYFW;
				GENERATE_INFOPLIST_FILE = YES;
				INFOPLIST_FILE = asfRazvitie/Info.plist;
				INFOPLIST_KEY_UIApplicationSupportsIndirectInputEvents = YES;
				INFOPLIST_KEY_UILaunchStoryboardName = LaunchScreen;
				INFOPLIST_KEY_UISupportedInterfaceOrientations_iPad = "UIInterfaceOrientationPortrait UIInterfaceOrientationPortraitUpsideDown UIInterfaceOrientationLandscapeLeft UIInterfaceOrientationLandscapeRight";
				INFOPLIST_KEY_UISupportedInterfaceOrientations_iPhone = "UIInterfaceOrientationPortrait UIInterfaceOrientationLandscapeLeft UIInterfaceOrientationLandscapeRight";
				LD_RUNPATH_SEARCH_PATHS = (
					"$(inherited)",
					"@executable_path/Frameworks",
				);
				MARKETING_VERSION = 1.0;
				PRODUCT_BUNDLE_IDENTIFIER = meow.asfRazvitie;
				PRODUCT_NAME = "$(TARGET_NAME)";
				SWIFT_EMIT_LOC_STRINGS = YES;
				SWIFT_VERSION = 5.0;
				TARGETED_DEVICE_FAMILY = "1,2";
			};
			name = Debug;
		};
		1F96184A2B8CA64400C32A9A /* Release */ = {
			isa = XCBuildConfiguration;
			buildSettings = {
				ASSETCATALOG_COMPILER_APPICON_NAME = AppIcon;
				ASSETCATALOG_COMPILER_GLOBAL_ACCENT_COLOR_NAME = AccentColor;
				CODE_SIGN_STYLE = Automatic;
				CURRENT_PROJECT_VERSION = 1;
				DEVELOPMENT_TEAM = 5GK93RHYFW;
				GENERATE_INFOPLIST_FILE = YES;
				INFOPLIST_FILE = asfRazvitie/Info.plist;
				INFOPLIST_KEY_UIApplicationSupportsIndirectInputEvents = YES;
				INFOPLIST_KEY_UILaunchStoryboardName = LaunchScreen;
				INFOPLIST_KEY_UISupportedInterfaceOrientations_iPad = "UIInterfaceOrientationPortrait UIInterfaceOrientationPortraitUpsideDown UIInterfaceOrientationLandscapeLeft UIInterfaceOrientationLandscapeRight";
				INFOPLIST_KEY_UISupportedInterfaceOrientations_iPhone = "UIInterfaceOrientationPortrait UIInterfaceOrientationLandscapeLeft UIInterfaceOrientationLandscapeRight";
				LD_RUNPATH_SEARCH_PATHS = (
					"$(inherited)",
					"@executable_path/Frameworks",
				);
				MARKETING_VERSION = 1.0;
				PRODUCT_BUNDLE_IDENTIFIER = meow.asfRazvitie;
				PRODUCT_NAME = "$(TARGET_NAME)";
				SWIFT_EMIT_LOC_STRINGS = YES;
				SWIFT_VERSION = 5.0;
				TARGETED_DEVICE_FAMILY = "1,2";
			};
			name = Release;
		};
/* End XCBuildConfiguration section */

/* Begin XCConfigurationList section */
		1F96182F2B8CA64100C32A9A /* Build configuration list for PBXProject "asfRazvitie" */ = {
			isa = XCConfigurationList;
			buildConfigurations = (
				1F9618462B8CA64400C32A9A /* Debug */,
				1F9618472B8CA64400C32A9A /* Release */,
			);
			defaultConfigurationIsVisible = 0;
			defaultConfigurationName = Release;
		};
		1F9618482B8CA64400C32A9A /* Build configuration list for PBXNativeTarget "asfRazvitie" */ = {
			isa = XCConfigurationList;
			buildConfigurations = (
				1F9618492B8CA64400C32A9A /* Debug */,
				1F96184A2B8CA64400C32A9A /* Release */,
			);
			defaultConfigurationIsVisible = 0;
			defaultConfigurationName = Release;
		};
/* End XCConfigurationList section */

/* Begin XCRemoteSwiftPackageReference section */
		1F96184F2B8F776000C32A9A /* XCRemoteSwiftPackageReference "SnapKit" */ = {
			isa = XCRemoteSwiftPackageReference;
			repositoryURL = "https://github.com/SnapKit/SnapKit";
			requirement = {
				kind = upToNextMajorVersion;
				minimumVersion = 5.7.1;
			};
		};
/* End XCRemoteSwiftPackageReference section */

/* Begin XCSwiftPackageProductDependency section */
		1F9618502B8F776000C32A9A /* SnapKit */ = {
			isa = XCSwiftPackageProductDependency;
			package = 1F96184F2B8F776000C32A9A /* XCRemoteSwiftPackageReference "SnapKit" */;
			productName = SnapKit;
		};
		1F9618522B8F776000C32A9A /* SnapKit-Dynamic */ = {
			isa = XCSwiftPackageProductDependency;
			package = 1F96184F2B8F776000C32A9A /* XCRemoteSwiftPackageReference "SnapKit" */;
			productName = "SnapKit-Dynamic";
		};
/* End XCSwiftPackageProductDependency section */
	};
	rootObject = 1F96182C2B8CA64100C32A9A /* Project object */;
}
